lockfileVersion: '6.0'

settings:
  autoInstallPeers: true
  excludeLinksFromLockfile: false

dependencies:
  '@cloudflare/workers-types':
    specifier: ^4.20240405.0
    version: 4.20240405.0

packages:

  /@cloudflare/workers-types@4.20240405.0:
    resolution: {integrity: sha512-sEVOhyOgXUwfLkgHqbLZa/sfkSYrh7/zLmI6EZNibPaVPvAnAcItbNNl3SAlLyLKuwf8m4wAIAgu9meKWCvXjg==}
    dev: false
